
Microsoft Visual Studio Solution File, Format Version 12.00
# Visual Studio Version 17
VisualStudioVersion = 17.13.35931.197
MinimumVisualStudioVersion = 10.0.40219.1
Project("{FAE04EC0-301F-11D3-BF4B-00C04F79EFBC}") = "Storge.Runner", "Storge.Runner\Storge.Runner.csproj", "{F61FC9C0-1BB3-46FE-B490-58936AA8B3DB}"
EndProject
Project("{FAE04EC0-301F-11D3-BF4B-00C04F79EFBC}") = "Beavertail.Data", "Beavertail.Data\Beavertail.Data.csproj", "{417F46E6-FD12-36F4-C3E8-59A6B2CD6DB4}"
EndProject
Project("{FAE04EC0-301F-11D3-BF4B-00C04F79EFBC}") = "Beavertail.Telegram", "Beavertail.Telegram\Beavertail.Telegram.csproj", "{8473697E-4308-3160-625E-9708D98F7F2E}"
EndProject
Global
	GlobalSection(SolutionConfigurationPlatforms) = preSolution
		Debug|Any CPU = Debug|Any CPU
		Release|Any CPU = Release|Any CPU
	EndGlobalSection
	GlobalSection(ProjectConfigurationPlatforms) = postSolution
		{F61FC9C0-1BB3-46FE-B490-58936AA8B3DB}.Debug|Any CPU.ActiveCfg = Debug|Any CPU
		{F61FC9C0-1BB3-46FE-B490-58936AA8B3DB}.Debug|Any CPU.Build.0 = Debug|Any CPU
		{F61FC9C0-1BB3-46FE-B490-58936AA8B3DB}.Release|Any CPU.ActiveCfg = Release|Any CPU
		{F61FC9C0-1BB3-46FE-B490-58936AA8B3DB}.Release|Any CPU.Build.0 = Release|Any CPU
		{417F46E6-FD12-36F4-C3E8-59A6B2CD6DB4}.Debug|Any CPU.ActiveCfg = Debug|Any CPU
		{417F46E6-FD12-36F4-C3E8-59A6B2CD6DB4}.Debug|Any CPU.Build.0 = Debug|Any CPU
		{417F46E6-FD12-36F4-C3E8-59A6B2CD6DB4}.Release|Any CPU.ActiveCfg = Release|Any CPU
		{417F46E6-FD12-36F4-C3E8-59A6B2CD6DB4}.Release|Any CPU.Build.0 = Release|Any CPU
		{8473697E-4308-3160-625E-9708D98F7F2E}.Debug|Any CPU.ActiveCfg = Debug|Any CPU
		{8473697E-4308-3160-625E-9708D98F7F2E}.Debug|Any CPU.Build.0 = Debug|Any CPU
		{8473697E-4308-3160-625E-9708D98F7F2E}.Release|Any CPU.ActiveCfg = Release|Any CPU
		{8473697E-4308-3160-625E-9708D98F7F2E}.Release|Any CPU.Build.0 = Release|Any CPU
	EndGlobalSection
	GlobalSection(SolutionProperties) = preSolution
		HideSolutionNode = FALSE
	EndGlobalSection
	GlobalSection(ExtensibilityGlobals) = postSolution
		SolutionGuid = {7CC6633E-D1EE-4293-82AC-F27BF33D51A8}
	EndGlobalSection
EndGlobal
